<?xml version="1.0" encoding="UTF-8" standalone="yes" ?>
<CodeBlocks_project_file>
	<FileVersion major="1" minor="6" />
	<Project>
		<Option title="VirtualDriving" />
		<Option pch_mode="2" />
		<Option compiler="gcc" />
		<Build>
			<Target title="Debug">
				<Option output="bin/Debug/square_demo" prefix_auto="1" extension_auto="1" />
				<Option object_output="obj/Debug/" />
				<Option type="1" />
				<Option compiler="gcc" />
				<Compiler>
					<Add option="-g" />
					<Add directory="include" />
				</Compiler>
			</Target>
			<Target title="Release">
				<Option output="bin/Release/square_demo" prefix_auto="1" extension_auto="1" />
				<Option object_output="obj/Release/" />
				<Option type="1" />
				<Option compiler="gcc" />
				<Compiler>
					<Add option="-O2" />
					<Add directory="include" />
				</Compiler>
				<Linker>
					<Add option="-s" />
				</Linker>
			</Target>
		</Build>
		<Compiler>
			<Add option="-Wall" />
			<Add option="-fexceptions" />
		</Compiler>
		<Unit filename="include/Character.h" />
		<Unit filename="include/HBuilding.h" />
		<Unit filename="include/Objects.h" />
		<Unit filename="include/Rectangle.h" />
		<Unit filename="include/TimeTool.h" />
		<Unit filename="include/WorldMap.h" />
		<Unit filename="include/config.h" />
		<Unit filename="include/image.h" />
		<Unit filename="include/tcp_server.h" />
		<Unit filename="include/texture.h" />
		<Unit filename="main.cpp" />
		<Unit filename="src/Character.cpp" />
		<Unit filename="src/HBuilding.cpp" />
		<Unit filename="src/Rectangle.cpp" />
		<Unit filename="src/TimeTool.cpp" />
		<Unit filename="src/WorldMap.cpp" />
		<Unit filename="src/config.cpp" />
		<Unit filename="src/image.cpp" />
		<Extensions>
			<code_completion />
			<envvars />
			<debugger />
			<lib_finder disable_auto="1" />
		</Extensions>
	</Project>
</CodeBlocks_project_file>
